# This file is autogenerated, do not edit; changes may be undone by the next 'dep ensure'.


[[projects]]
  name = "github.com/favclip/golidator"
  packages = ["."]
  revision = "a6baf8304ab7098c461aeb7e2bb722315679e978"
  version = "v2.1.0"

[[projects]]
  name = "github.com/favclip/ucon"
  packages = [
    ".",
    "swagger"
  ]
  revision = "2258b14cc1149ae4b679ba2bc814b4d51a8f5f81"
  version = "v2.2.0"

[[projects]]
  name = "github.com/golang/protobuf"
  packages = ["proto"]
  revision = "aa810b61a9c79d51363740d207bb46cf8e620ed5"
  version = "v1.2.0"

[[projects]]
  name = "go.mercari.io/datastore"
  packages = [
    ".",
    "aedatastore",
    "internal",
    "internal/c/atomiccache",
    "internal/c/fields",
    "internal/shared"
  ]
  revision = "5c2adb2bc24fb0866d50ef429d5ff91eb5004ed9"
  version = "v1.2.0"

[[projects]]
  branch = "master"
  name = "golang.org/x/net"
  packages = [
    "context",
    "context/ctxhttp"
  ]
  revision = "26e67e76b6c3f6ce91f7c52def5af501b4e0f3a2"

[[projects]]
  branch = "master"
  name = "golang.org/x/oauth2"
  packages = [
    ".",
    "internal"
  ]
  revision = "d2e6202438beef2727060aa7cabdd924d92ebfd9"

[[projects]]
  branch = "master"
  name = "google.golang.org/api"
  packages = ["iterator"]
  revision = "7ca32eb868bf53ea2fc406698eb98583a8073d19"

[[projects]]
  name = "google.golang.org/appengine"
  packages = [
    ".",
    "datastore",
    "internal",
    "internal/app_identity",
    "internal/base",
    "internal/datastore",
    "internal/log",
    "internal/modules",
    "internal/remote_api",
    "internal/urlfetch",
    "urlfetch"
  ]
  revision = "b1f26356af11148e710935ed1ac8a7f5702c7612"
  version = "v1.1.0"

[solve-meta]
  analyzer-name = "dep"
  analyzer-version = 1
  inputs-digest = "035afab45480c2b428116afeef3a00a031746bfde907e21a176ddb224f9240a7"
  solver-name = "gps-cdcl"
  solver-version = 1
